# THIS IS AN AUTOGENERATED FILE. DO NOT EDIT THIS FILE DIRECTLY.
# yarn lockfile v1


jquery@3.3.1:
  version "3.3.1"
  resolved "https://registry.yarnpkg.com/jquery/-/jquery-3.3.1.tgz#958ce29e81c9790f31be7792df5d4d95fc57fbca"

siimple-colors@^0.2.0:
  version "0.2.0"
  resolved "https://registry.yarnpkg.com/siimple-colors/-/siimple-colors-0.2.0.tgz#1ee3982d2577bdebfcf9c27fbc25e7bbbfbdd13a"

siimple@3.0.0:
  version "3.0.0"
  resolved "https://registry.yarnpkg.com/siimple/-/siimple-3.0.0.tgz#73297c3630da68eb9bf725539fd80992f51f7e87"
  dependencies:
    siimple-colors "^0.2.0"
